
Microsoft Visual Studio Solution File, Format Version 12.00
# Visual Studio 14
VisualStudioVersion = 14.0.25420.1
MinimumVisualStudioVersion = 10.0.40219.1
Project("{FAE04EC0-301F-11D3-BF4B-00C04F79EFBC}") = "HotelReservado.Tests", "ReservaDeHotel.Console.Tests\HotelReservado.Tests.csproj", "{DA7461E2-7057-48E6-87CC-430D5AC04DCD}"
EndProject
Project("{FAE04EC0-301F-11D3-BF4B-00C04F79EFBC}") = "HotelReservado", "HotelReservado\HotelReservado.csproj", "{1F910C74-4FC3-4DD3-A6BD-0D99610A110C}"
EndProject
Project("{FAE04EC0-301F-11D3-BF4B-00C04F79EFBC}") = "Program", "Program.Console\Program.csproj", "{37C7D24E-C370-4033-8C67-2CAB36457238}"
EndProject
Global
	GlobalSection(SolutionConfigurationPlatforms) = preSolution
		Debug|Any CPU = Debug|Any CPU
		Release|Any CPU = Release|Any CPU
	EndGlobalSection
	GlobalSection(ProjectConfigurationPlatforms) = postSolution
		{DA7461E2-7057-48E6-87CC-430D5AC04DCD}.Debug|Any CPU.ActiveCfg = Debug|Any CPU
		{DA7461E2-7057-48E6-87CC-430D5AC04DCD}.Debug|Any CPU.Build.0 = Debug|Any CPU
		{DA7461E2-7057-48E6-87CC-430D5AC04DCD}.Release|Any CPU.ActiveCfg = Release|Any CPU
		{DA7461E2-7057-48E6-87CC-430D5AC04DCD}.Release|Any CPU.Build.0 = Release|Any CPU
		{1F910C74-4FC3-4DD3-A6BD-0D99610A110C}.Debug|Any CPU.ActiveCfg = Debug|Any CPU
		{1F910C74-4FC3-4DD3-A6BD-0D99610A110C}.Debug|Any CPU.Build.0 = Debug|Any CPU
		{1F910C74-4FC3-4DD3-A6BD-0D99610A110C}.Release|Any CPU.ActiveCfg = Release|Any CPU
		{1F910C74-4FC3-4DD3-A6BD-0D99610A110C}.Release|Any CPU.Build.0 = Release|Any CPU
		{37C7D24E-C370-4033-8C67-2CAB36457238}.Debug|Any CPU.ActiveCfg = Debug|Any CPU
		{37C7D24E-C370-4033-8C67-2CAB36457238}.Debug|Any CPU.Build.0 = Debug|Any CPU
		{37C7D24E-C370-4033-8C67-2CAB36457238}.Release|Any CPU.ActiveCfg = Release|Any CPU
		{37C7D24E-C370-4033-8C67-2CAB36457238}.Release|Any CPU.Build.0 = Release|Any CPU
	EndGlobalSection
	GlobalSection(SolutionProperties) = preSolution
		HideSolutionNode = FALSE
	EndGlobalSection
EndGlobal
